
Microsoft Visual Studio Solution File, Format Version 12.00
# Visual Studio Version 16
VisualStudioVersion = 16.0.32002.261
MinimumVisualStudioVersion = 10.0.40219.1
Project("{FAE04EC0-301F-11D3-BF4B-00C04F79EFBC}") = "Main_Template", "Main_Template\Main_Template.csproj", "{7A8E7C6D-536A-4AEE-888C-0471BEA18479}"
EndProject
Global
	GlobalSection(SolutionConfigurationPlatforms) = preSolution
		Debug|Any CPU = Debug|Any CPU
		Release|Any CPU = Release|Any CPU
	EndGlobalSection
	GlobalSection(ProjectConfigurationPlatforms) = postSolution
		{7A8E7C6D-536A-4AEE-888C-0471BEA18479}.Debug|Any CPU.ActiveCfg = Debug|Any CPU
		{7A8E7C6D-536A-4AEE-888C-0471BEA18479}.Debug|Any CPU.Build.0 = Debug|Any CPU
		{7A8E7C6D-536A-4AEE-888C-0471BEA18479}.Release|Any CPU.ActiveCfg = Release|Any CPU
		{7A8E7C6D-536A-4AEE-888C-0471BEA18479}.Release|Any CPU.Build.0 = Release|Any CPU
	EndGlobalSection
	GlobalSection(SolutionProperties) = preSolution
		HideSolutionNode = FALSE
	EndGlobalSection
	GlobalSection(ExtensibilityGlobals) = postSolution
		SolutionGuid = {17BCD7F5-AF68-4F5E-8A3A-DD0E02C0CFDA}
	EndGlobalSection
EndGlobal
